
Microsoft Visual Studio Solution File, Format Version 12.00
# Visual Studio Version 16
VisualStudioVersion = 16.0.32802.440
MinimumVisualStudioVersion = 10.0.40219.1
Project("{9A19103F-16F7-4668-BE54-9A1E7A4F7556}") = "1 задание", "TooMuch\1 задание.csproj", "{16824382-7A70-4437-A10A-AE2C636433A6}"
EndProject
Project("{9A19103F-16F7-4668-BE54-9A1E7A4F7556}") = "Dz", "Dz\Dz.csproj", "{8405086A-0563-451D-A5BC-3F3151AAB93A}"
EndProject
Project("{9A19103F-16F7-4668-BE54-9A1E7A4F7556}") = "2 задание", "2 задание\2 задание.csproj", "{17842738-676A-40FF-A42B-C9255B3E59BE}"
EndProject
Project("{9A19103F-16F7-4668-BE54-9A1E7A4F7556}") = "3 задание", "3 задание\3 задание.csproj", "{61C17385-C570-4E14-B633-8F4C93060100}"
EndProject
Project("{9A19103F-16F7-4668-BE54-9A1E7A4F7556}") = "4 задание", "4 задание\4 задание.csproj", "{8DC83716-D5B8-4CC6-8330-561F829FAF43}"
EndProject
Project("{9A19103F-16F7-4668-BE54-9A1E7A4F7556}") = "дз 1 задание", "дз 1 задание\дз 1 задание.csproj", "{5D9246F2-9379-4D1C-BD28-CEC228093806}"
EndProject
Project("{9A19103F-16F7-4668-BE54-9A1E7A4F7556}") = "дз 2 задание", "дз 2 задание\дз 2 задание.csproj", "{ABEF260E-5F3B-4186-8734-AF90A9C4381B}"
EndProject
Project("{9A19103F-16F7-4668-BE54-9A1E7A4F7556}") = "дз 3 задание", "дз 3 задание\дз 3 задание.csproj", "{56F2C1BF-DCEA-4018-8039-CFB6B219218C}"
EndProject
Project("{9A19103F-16F7-4668-BE54-9A1E7A4F7556}") = "дз 4 задание", "дз 4 задание\дз 4 задание.csproj", "{D4598E8B-5C2A-400A-A6E5-8C1CDC771B47}"
EndProject
Project("{9A19103F-16F7-4668-BE54-9A1E7A4F7556}") = "дз 5 задание", "дз 5 задание\дз 5 задание.csproj", "{5CF008EF-6304-4D47-849B-CDA5CC9852B2}"
EndProject
Project("{9A19103F-16F7-4668-BE54-9A1E7A4F7556}") = "дз 6 задание", "дз 6 задание\дз 6 задание.csproj", "{038E7210-01E1-41D4-A765-2CCFC1229B5C}"
EndProject
Project("{9A19103F-16F7-4668-BE54-9A1E7A4F7556}") = "дз 7 задание", "дз 7 задание\дз 7 задание.csproj", "{721C3B5E-11EE-47E6-A7A9-63098323C770}"
EndProject
Project("{9A19103F-16F7-4668-BE54-9A1E7A4F7556}") = "дз задание 8", "дз задание 8\дз задание 8.csproj", "{E439C80E-2269-42E4-828C-853314418B89}"
EndProject
Project("{9A19103F-16F7-4668-BE54-9A1E7A4F7556}") = "дз 9 задание", "дз 9 задание\дз 9 задание.csproj", "{A1051D86-7105-4C76-AD1E-8A455FA0C1BC}"
EndProject
Project("{9A19103F-16F7-4668-BE54-9A1E7A4F7556}") = "дз 10 задание", "дз 10 задание\дз 10 задание.csproj", "{A59750C5-A5FC-4DCD-90C8-C2F5B3AAC84C}"
EndProject
Project("{9A19103F-16F7-4668-BE54-9A1E7A4F7556}") = "дз 11 задание", "дз 11 задание\дз 11 задание.csproj", "{6459CCA5-FC64-4701-929A-BFEAF3BCDAD9}"
EndProject
Project("{9A19103F-16F7-4668-BE54-9A1E7A4F7556}") = "дз 12 задание", "дз 12 задание\дз 12 задание.csproj", "{2A165FDA-E360-4D0F-9E69-31BAF43C2E28}"
EndProject
Project("{9A19103F-16F7-4668-BE54-9A1E7A4F7556}") = "дз 13 задание", "дз 13 задание\дз 13 задание.csproj", "{5D82E8B4-3A28-40FA-AADF-C5472D59795F}"
EndProject
Project("{9A19103F-16F7-4668-BE54-9A1E7A4F7556}") = "дз 14 задание", "дз 14 задание\дз 14 задание.csproj", "{C030BA14-20A3-4169-8B12-BDAC747D8B06}"
EndProject
Project("{9A19103F-16F7-4668-BE54-9A1E7A4F7556}") = "дз 15 задание", "дз 15 задание\дз 15 задание.csproj", "{E57949BF-77A7-4C64-A6CF-C2B089657ACB}"
EndProject
Project("{9A19103F-16F7-4668-BE54-9A1E7A4F7556}") = "дз 16 задание", "дз 16 задание\дз 16 задание.csproj", "{80FD2DBC-0249-41B2-A99B-CB23931796EF}"
EndProject
Project("{9A19103F-16F7-4668-BE54-9A1E7A4F7556}") = "дз 17 задание", "дз 17 задание\дз 17 задание.csproj", "{149ED53F-0BB5-4184-8B2B-6EBF0D4CA171}"
EndProject
Project("{9A19103F-16F7-4668-BE54-9A1E7A4F7556}") = "дз 18 задание", "дз 18 задание\дз 18 задание.csproj", "{023BAEC6-09F5-400C-953C-6C4EEB1EEE64}"
EndProject
Project("{9A19103F-16F7-4668-BE54-9A1E7A4F7556}") = "дз 19 задание", "дз 19 задание\дз 19 задание.csproj", "{2B6046F3-A274-425A-ABE8-E0876F77D9E6}"
EndProject
Project("{9A19103F-16F7-4668-BE54-9A1E7A4F7556}") = "дз 20 задание", "дз 20 задание\дз 20 задание.csproj", "{85A13818-3507-4670-923E-3B898495755B}"
EndProject
Project("{9A19103F-16F7-4668-BE54-9A1E7A4F7556}") = "дз 21 задание", "дз 21 задание\дз 21 задание.csproj", "{C427D1D5-B021-45F6-AB1D-C51EE50DF7EC}"
EndProject
Project("{9A19103F-16F7-4668-BE54-9A1E7A4F7556}") = "дз 22 задание", "дз 22 задание\дз 22 задание.csproj", "{6C6D6755-CC15-4265-BF7F-D61F829DE8B1}"
EndProject
Project("{9A19103F-16F7-4668-BE54-9A1E7A4F7556}") = "дз 23 задание", "дз 23 задание\дз 23 задание.csproj", "{0ABA44C4-8F0D-4D5A-A184-125612A16311}"
EndProject
Project("{FAE04EC0-301F-11D3-BF4B-00C04F79EFBC}") = "дз 24 задание", "дз 24 задание\дз 24 задание.csproj", "{4E5C0450-7263-4DB3-BCC1-9D207324FCDF}"
EndProject
Project("{FAE04EC0-301F-11D3-BF4B-00C04F79EFBC}") = "дз 25 задание", "дз 25 задание\дз 25 задание.csproj", "{C5211044-ED90-4958-AF48-8D3C4AD126A6}"
EndProject
Project("{FAE04EC0-301F-11D3-BF4B-00C04F79EFBC}") = "дз 26 задание", "дз 26 задание\дз 26 задание.csproj", "{FC00F1AF-1F39-4AA1-8110-6E11406C8D7B}"
EndProject
Project("{FAE04EC0-301F-11D3-BF4B-00C04F79EFBC}") = "дз 27 задание", "дз 27 задание\дз 27 задание.csproj", "{E720DB7B-501C-43BF-87E1-20D3517D812B}"
EndProject
Project("{FAE04EC0-301F-11D3-BF4B-00C04F79EFBC}") = "дз 28 задание", "дз 28 задание\дз 28 задание.csproj", "{D913043F-8D38-4D68-A379-EDDB7A48E78B}"
EndProject
Project("{FAE04EC0-301F-11D3-BF4B-00C04F79EFBC}") = "дз 29 задание", "дз 29 задание\дз 29 задание.csproj", "{ABDAD71B-E63B-4289-839A-C0DC305D3E91}"
EndProject
Project("{FAE04EC0-301F-11D3-BF4B-00C04F79EFBC}") = "дз 30 задание", "дз 30 задание\дз 30 задание.csproj", "{9A22F029-2039-460F-B261-9E3DE4AEFCE4}"
EndProject
Global
	GlobalSection(SolutionConfigurationPlatforms) = preSolution
		Debug|Any CPU = Debug|Any CPU
		Release|Any CPU = Release|Any CPU
	EndGlobalSection
	GlobalSection(ProjectConfigurationPlatforms) = postSolution
		{16824382-7A70-4437-A10A-AE2C636433A6}.Debug|Any CPU.ActiveCfg = Debug|Any CPU
		{16824382-7A70-4437-A10A-AE2C636433A6}.Debug|Any CPU.Build.0 = Debug|Any CPU
		{16824382-7A70-4437-A10A-AE2C636433A6}.Release|Any CPU.ActiveCfg = Release|Any CPU
		{16824382-7A70-4437-A10A-AE2C636433A6}.Release|Any CPU.Build.0 = Release|Any CPU
		{8405086A-0563-451D-A5BC-3F3151AAB93A}.Debug|Any CPU.ActiveCfg = Debug|Any CPU
		{8405086A-0563-451D-A5BC-3F3151AAB93A}.Debug|Any CPU.Build.0 = Debug|Any CPU
		{8405086A-0563-451D-A5BC-3F3151AAB93A}.Release|Any CPU.ActiveCfg = Release|Any CPU
		{8405086A-0563-451D-A5BC-3F3151AAB93A}.Release|Any CPU.Build.0 = Release|Any CPU
		{17842738-676A-40FF-A42B-C9255B3E59BE}.Debug|Any CPU.ActiveCfg = Debug|Any CPU
		{17842738-676A-40FF-A42B-C9255B3E59BE}.Debug|Any CPU.Build.0 = Debug|Any CPU
		{17842738-676A-40FF-A42B-C9255B3E59BE}.Release|Any CPU.ActiveCfg = Release|Any CPU
		{17842738-676A-40FF-A42B-C9255B3E59BE}.Release|Any CPU.Build.0 = Release|Any CPU
		{61C17385-C570-4E14-B633-8F4C93060100}.Debug|Any CPU.ActiveCfg = Debug|Any CPU
		{61C17385-C570-4E14-B633-8F4C93060100}.Debug|Any CPU.Build.0 = Debug|Any CPU
		{61C17385-C570-4E14-B633-8F4C93060100}.Release|Any CPU.ActiveCfg = Release|Any CPU
		{61C17385-C570-4E14-B633-8F4C93060100}.Release|Any CPU.Build.0 = Release|Any CPU
		{8DC83716-D5B8-4CC6-8330-561F829FAF43}.Debug|Any CPU.ActiveCfg = Debug|Any CPU
		{8DC83716-D5B8-4CC6-8330-561F829FAF43}.Debug|Any CPU.Build.0 = Debug|Any CPU
		{8DC83716-D5B8-4CC6-8330-561F829FAF43}.Release|Any CPU.ActiveCfg = Release|Any CPU
		{8DC83716-D5B8-4CC6-8330-561F829FAF43}.Release|Any CPU.Build.0 = Release|Any CPU
		{5D9246F2-9379-4D1C-BD28-CEC228093806}.Debug|Any CPU.ActiveCfg = Debug|Any CPU
		{5D9246F2-9379-4D1C-BD28-CEC228093806}.Debug|Any CPU.Build.0 = Debug|Any CPU
		{5D9246F2-9379-4D1C-BD28-CEC228093806}.Release|Any CPU.ActiveCfg = Release|Any CPU
		{5D9246F2-9379-4D1C-BD28-CEC228093806}.Release|Any CPU.Build.0 = Release|Any CPU
		{ABEF260E-5F3B-4186-8734-AF90A9C4381B}.Debug|Any CPU.ActiveCfg = Debug|Any CPU
		{ABEF260E-5F3B-4186-8734-AF90A9C4381B}.Debug|Any CPU.Build.0 = Debug|Any CPU
		{ABEF260E-5F3B-4186-8734-AF90A9C4381B}.Release|Any CPU.ActiveCfg = Release|Any CPU
		{ABEF260E-5F3B-4186-8734-AF90A9C4381B}.Release|Any CPU.Build.0 = Release|Any CPU
		{56F2C1BF-DCEA-4018-8039-CFB6B219218C}.Debug|Any CPU.ActiveCfg = Debug|Any CPU
		{56F2C1BF-DCEA-4018-8039-CFB6B219218C}.Debug|Any CPU.Build.0 = Debug|Any CPU
		{56F2C1BF-DCEA-4018-8039-CFB6B219218C}.Release|Any CPU.ActiveCfg = Release|Any CPU
		{56F2C1BF-DCEA-4018-8039-CFB6B219218C}.Release|Any CPU.Build.0 = Release|Any CPU
		{D4598E8B-5C2A-400A-A6E5-8C1CDC771B47}.Debug|Any CPU.ActiveCfg = Debug|Any CPU
		{D4598E8B-5C2A-400A-A6E5-8C1CDC771B47}.Debug|Any CPU.Build.0 = Debug|Any CPU
		{D4598E8B-5C2A-400A-A6E5-8C1CDC771B47}.Release|Any CPU.ActiveCfg = Release|Any CPU
		{D4598E8B-5C2A-400A-A6E5-8C1CDC771B47}.Release|Any CPU.Build.0 = Release|Any CPU
		{5CF008EF-6304-4D47-849B-CDA5CC9852B2}.Debug|Any CPU.ActiveCfg = Debug|Any CPU
		{5CF008EF-6304-4D47-849B-CDA5CC9852B2}.Debug|Any CPU.Build.0 = Debug|Any CPU
		{5CF008EF-6304-4D47-849B-CDA5CC9852B2}.Release|Any CPU.ActiveCfg = Release|Any CPU
		{5CF008EF-6304-4D47-849B-CDA5CC9852B2}.Release|Any CPU.Build.0 = Release|Any CPU
		{038E7210-01E1-41D4-A765-2CCFC1229B5C}.Debug|Any CPU.ActiveCfg = Debug|Any CPU
		{038E7210-01E1-41D4-A765-2CCFC1229B5C}.Debug|Any CPU.Build.0 = Debug|Any CPU
		{038E7210-01E1-41D4-A765-2CCFC1229B5C}.Release|Any CPU.ActiveCfg = Release|Any CPU
		{038E7210-01E1-41D4-A765-2CCFC1229B5C}.Release|Any CPU.Build.0 = Release|Any CPU
		{721C3B5E-11EE-47E6-A7A9-63098323C770}.Debug|Any CPU.ActiveCfg = Debug|Any CPU
		{721C3B5E-11EE-47E6-A7A9-63098323C770}.Debug|Any CPU.Build.0 = Debug|Any CPU
		{721C3B5E-11EE-47E6-A7A9-63098323C770}.Release|Any CPU.ActiveCfg = Release|Any CPU
		{721C3B5E-11EE-47E6-A7A9-63098323C770}.Release|Any CPU.Build.0 = Release|Any CPU
		{E439C80E-2269-42E4-828C-853314418B89}.Debug|Any CPU.ActiveCfg = Debug|Any CPU
		{E439C80E-2269-42E4-828C-853314418B89}.Debug|Any CPU.Build.0 = Debug|Any CPU
		{E439C80E-2269-42E4-828C-853314418B89}.Release|Any CPU.ActiveCfg = Release|Any CPU
		{E439C80E-2269-42E4-828C-853314418B89}.Release|Any CPU.Build.0 = Release|Any CPU
		{A1051D86-7105-4C76-AD1E-8A455FA0C1BC}.Debug|Any CPU.ActiveCfg = Debug|Any CPU
		{A1051D86-7105-4C76-AD1E-8A455FA0C1BC}.Debug|Any CPU.Build.0 = Debug|Any CPU
		{A1051D86-7105-4C76-AD1E-8A455FA0C1BC}.Release|Any CPU.ActiveCfg = Release|Any CPU
		{A1051D86-7105-4C76-AD1E-8A455FA0C1BC}.Release|Any CPU.Build.0 = Release|Any CPU
		{A59750C5-A5FC-4DCD-90C8-C2F5B3AAC84C}.Debug|Any CPU.ActiveCfg = Debug|Any CPU
		{A59750C5-A5FC-4DCD-90C8-C2F5B3AAC84C}.Debug|Any CPU.Build.0 = Debug|Any CPU
		{A59750C5-A5FC-4DCD-90C8-C2F5B3AAC84C}.Release|Any CPU.ActiveCfg = Release|Any CPU
		{A59750C5-A5FC-4DCD-90C8-C2F5B3AAC84C}.Release|Any CPU.Build.0 = Release|Any CPU
		{6459CCA5-FC64-4701-929A-BFEAF3BCDAD9}.Debug|Any CPU.ActiveCfg = Debug|Any CPU
		{6459CCA5-FC64-4701-929A-BFEAF3BCDAD9}.Debug|Any CPU.Build.0 = Debug|Any CPU
		{6459CCA5-FC64-4701-929A-BFEAF3BCDAD9}.Release|Any CPU.ActiveCfg = Release|Any CPU
		{6459CCA5-FC64-4701-929A-BFEAF3BCDAD9}.Release|Any CPU.Build.0 = Release|Any CPU
		{2A165FDA-E360-4D0F-9E69-31BAF43C2E28}.Debug|Any CPU.ActiveCfg = Debug|Any CPU
		{2A165FDA-E360-4D0F-9E69-31BAF43C2E28}.Debug|Any CPU.Build.0 = Debug|Any CPU
		{2A165FDA-E360-4D0F-9E69-31BAF43C2E28}.Release|Any CPU.ActiveCfg = Release|Any CPU
		{2A165FDA-E360-4D0F-9E69-31BAF43C2E28}.Release|Any CPU.Build.0 = Release|Any CPU
		{5D82E8B4-3A28-40FA-AADF-C5472D59795F}.Debug|Any CPU.ActiveCfg = Debug|Any CPU
		{5D82E8B4-3A28-40FA-AADF-C5472D59795F}.Debug|Any CPU.Build.0 = Debug|Any CPU
		{5D82E8B4-3A28-40FA-AADF-C5472D59795F}.Release|Any CPU.ActiveCfg = Release|Any CPU
		{5D82E8B4-3A28-40FA-AADF-C5472D59795F}.Release|Any CPU.Build.0 = Release|Any CPU
		{C030BA14-20A3-4169-8B12-BDAC747D8B06}.Debug|Any CPU.ActiveCfg = Debug|Any CPU
		{C030BA14-20A3-4169-8B12-BDAC747D8B06}.Debug|Any CPU.Build.0 = Debug|Any CPU
		{C030BA14-20A3-4169-8B12-BDAC747D8B06}.Release|Any CPU.ActiveCfg = Release|Any CPU
		{C030BA14-20A3-4169-8B12-BDAC747D8B06}.Release|Any CPU.Build.0 = Release|Any CPU
		{E57949BF-77A7-4C64-A6CF-C2B089657ACB}.Debug|Any CPU.ActiveCfg = Debug|Any CPU
		{E57949BF-77A7-4C64-A6CF-C2B089657ACB}.Debug|Any CPU.Build.0 = Debug|Any CPU
		{E57949BF-77A7-4C64-A6CF-C2B089657ACB}.Release|Any CPU.ActiveCfg = Release|Any CPU
		{E57949BF-77A7-4C64-A6CF-C2B089657ACB}.Release|Any CPU.Build.0 = Release|Any CPU
		{80FD2DBC-0249-41B2-A99B-CB23931796EF}.Debug|Any CPU.ActiveCfg = Debug|Any CPU
		{80FD2DBC-0249-41B2-A99B-CB23931796EF}.Debug|Any CPU.Build.0 = Debug|Any CPU
		{80FD2DBC-0249-41B2-A99B-CB23931796EF}.Release|Any CPU.ActiveCfg = Release|Any CPU
		{80FD2DBC-0249-41B2-A99B-CB23931796EF}.Release|Any CPU.Build.0 = Release|Any CPU
		{149ED53F-0BB5-4184-8B2B-6EBF0D4CA171}.Debug|Any CPU.ActiveCfg = Debug|Any CPU
		{149ED53F-0BB5-4184-8B2B-6EBF0D4CA171}.Debug|Any CPU.Build.0 = Debug|Any CPU
		{149ED53F-0BB5-4184-8B2B-6EBF0D4CA171}.Release|Any CPU.ActiveCfg = Release|Any CPU
		{149ED53F-0BB5-4184-8B2B-6EBF0D4CA171}.Release|Any CPU.Build.0 = Release|Any CPU
		{023BAEC6-09F5-400C-953C-6C4EEB1EEE64}.Debug|Any CPU.ActiveCfg = Debug|Any CPU
		{023BAEC6-09F5-400C-953C-6C4EEB1EEE64}.Debug|Any CPU.Build.0 = Debug|Any CPU
		{023BAEC6-09F5-400C-953C-6C4EEB1EEE64}.Release|Any CPU.ActiveCfg = Release|Any CPU
		{023BAEC6-09F5-400C-953C-6C4EEB1EEE64}.Release|Any CPU.Build.0 = Release|Any CPU
		{2B6046F3-A274-425A-ABE8-E0876F77D9E6}.Debug|Any CPU.ActiveCfg = Debug|Any CPU
		{2B6046F3-A274-425A-ABE8-E0876F77D9E6}.Debug|Any CPU.Build.0 = Debug|Any CPU
		{2B6046F3-A274-425A-ABE8-E0876F77D9E6}.Release|Any CPU.ActiveCfg = Release|Any CPU
		{2B6046F3-A274-425A-ABE8-E0876F77D9E6}.Release|Any CPU.Build.0 = Release|Any CPU
		{85A13818-3507-4670-923E-3B898495755B}.Debug|Any CPU.ActiveCfg = Debug|Any CPU
		{85A13818-3507-4670-923E-3B898495755B}.Debug|Any CPU.Build.0 = Debug|Any CPU
		{85A13818-3507-4670-923E-3B898495755B}.Release|Any CPU.ActiveCfg = Release|Any CPU
		{85A13818-3507-4670-923E-3B898495755B}.Release|Any CPU.Build.0 = Release|Any CPU
		{C427D1D5-B021-45F6-AB1D-C51EE50DF7EC}.Debug|Any CPU.ActiveCfg = Debug|Any CPU
		{C427D1D5-B021-45F6-AB1D-C51EE50DF7EC}.Debug|Any CPU.Build.0 = Debug|Any CPU
		{C427D1D5-B021-45F6-AB1D-C51EE50DF7EC}.Release|Any CPU.ActiveCfg = Release|Any CPU
		{C427D1D5-B021-45F6-AB1D-C51EE50DF7EC}.Release|Any CPU.Build.0 = Release|Any CPU
		{6C6D6755-CC15-4265-BF7F-D61F829DE8B1}.Debug|Any CPU.ActiveCfg = Debug|Any CPU
		{6C6D6755-CC15-4265-BF7F-D61F829DE8B1}.Debug|Any CPU.Build.0 = Debug|Any CPU
		{6C6D6755-CC15-4265-BF7F-D61F829DE8B1}.Release|Any CPU.ActiveCfg = Release|Any CPU
		{6C6D6755-CC15-4265-BF7F-D61F829DE8B1}.Release|Any CPU.Build.0 = Release|Any CPU
		{0ABA44C4-8F0D-4D5A-A184-125612A16311}.Debug|Any CPU.ActiveCfg = Debug|Any CPU
		{0ABA44C4-8F0D-4D5A-A184-125612A16311}.Debug|Any CPU.Build.0 = Debug|Any CPU
		{0ABA44C4-8F0D-4D5A-A184-125612A16311}.Release|Any CPU.ActiveCfg = Release|Any CPU
		{0ABA44C4-8F0D-4D5A-A184-125612A16311}.Release|Any CPU.Build.0 = Release|Any CPU
		{4E5C0450-7263-4DB3-BCC1-9D207324FCDF}.Debug|Any CPU.ActiveCfg = Debug|Any CPU
		{4E5C0450-7263-4DB3-BCC1-9D207324FCDF}.Debug|Any CPU.Build.0 = Debug|Any CPU
		{4E5C0450-7263-4DB3-BCC1-9D207324FCDF}.Release|Any CPU.ActiveCfg = Release|Any CPU
		{4E5C0450-7263-4DB3-BCC1-9D207324FCDF}.Release|Any CPU.Build.0 = Release|Any CPU
		{C5211044-ED90-4958-AF48-8D3C4AD126A6}.Debug|Any CPU.ActiveCfg = Debug|Any CPU
		{C5211044-ED90-4958-AF48-8D3C4AD126A6}.Debug|Any CPU.Build.0 = Debug|Any CPU
		{C5211044-ED90-4958-AF48-8D3C4AD126A6}.Release|Any CPU.ActiveCfg = Release|Any CPU
		{C5211044-ED90-4958-AF48-8D3C4AD126A6}.Release|Any CPU.Build.0 = Release|Any CPU
		{FC00F1AF-1F39-4AA1-8110-6E11406C8D7B}.Debug|Any CPU.ActiveCfg = Debug|Any CPU
		{FC00F1AF-1F39-4AA1-8110-6E11406C8D7B}.Debug|Any CPU.Build.0 = Debug|Any CPU
		{FC00F1AF-1F39-4AA1-8110-6E11406C8D7B}.Release|Any CPU.ActiveCfg = Release|Any CPU
		{FC00F1AF-1F39-4AA1-8110-6E11406C8D7B}.Release|Any CPU.Build.0 = Release|Any CPU
		{E720DB7B-501C-43BF-87E1-20D3517D812B}.Debug|Any CPU.ActiveCfg = Debug|Any CPU
		{E720DB7B-501C-43BF-87E1-20D3517D812B}.Debug|Any CPU.Build.0 = Debug|Any CPU
		{E720DB7B-501C-43BF-87E1-20D3517D812B}.Release|Any CPU.ActiveCfg = Release|Any CPU
		{E720DB7B-501C-43BF-87E1-20D3517D812B}.Release|Any CPU.Build.0 = Release|Any CPU
		{D913043F-8D38-4D68-A379-EDDB7A48E78B}.Debug|Any CPU.ActiveCfg = Debug|Any CPU
		{D913043F-8D38-4D68-A379-EDDB7A48E78B}.Debug|Any CPU.Build.0 = Debug|Any CPU
		{D913043F-8D38-4D68-A379-EDDB7A48E78B}.Release|Any CPU.ActiveCfg = Release|Any CPU
		{D913043F-8D38-4D68-A379-EDDB7A48E78B}.Release|Any CPU.Build.0 = Release|Any CPU
		{ABDAD71B-E63B-4289-839A-C0DC305D3E91}.Debug|Any CPU.ActiveCfg = Debug|Any CPU
		{ABDAD71B-E63B-4289-839A-C0DC305D3E91}.Debug|Any CPU.Build.0 = Debug|Any CPU
		{ABDAD71B-E63B-4289-839A-C0DC305D3E91}.Release|Any CPU.ActiveCfg = Release|Any CPU
		{ABDAD71B-E63B-4289-839A-C0DC305D3E91}.Release|Any CPU.Build.0 = Release|Any CPU
		{9A22F029-2039-460F-B261-9E3DE4AEFCE4}.Debug|Any CPU.ActiveCfg = Debug|Any CPU
		{9A22F029-2039-460F-B261-9E3DE4AEFCE4}.Debug|Any CPU.Build.0 = Debug|Any CPU
		{9A22F029-2039-460F-B261-9E3DE4AEFCE4}.Release|Any CPU.ActiveCfg = Release|Any CPU
		{9A22F029-2039-460F-B261-9E3DE4AEFCE4}.Release|Any CPU.Build.0 = Release|Any CPU
	EndGlobalSection
	GlobalSection(SolutionProperties) = preSolution
		HideSolutionNode = FALSE
	EndGlobalSection
	GlobalSection(ExtensibilityGlobals) = postSolution
		SolutionGuid = {35BD998E-1A47-4CDB-82F8-BCDC546E0B99}
	EndGlobalSection
EndGlobal
